
Microsoft Visual Studio Solution File, Format Version 12.00
# Visual Studio Version 16
VisualStudioVersion = 16.0.31911.196
MinimumVisualStudioVersion = 10.0.40219.1
Project("{FAE04EC0-301F-11D3-BF4B-00C04F79EFBC}") = "ConsoleApp6", "ConsoleApp6\ConsoleApp6.csproj", "{FA57A23B-E634-4AE5-A51C-32B32F217DDD}"
EndProject
Global
	GlobalSection(SolutionConfigurationPlatforms) = preSolution
		Debug|Any CPU = Debug|Any CPU
		Release|Any CPU = Release|Any CPU
	EndGlobalSection
	GlobalSection(ProjectConfigurationPlatforms) = postSolution
		{FA57A23B-E634-4AE5-A51C-32B32F217DDD}.Debug|Any CPU.ActiveCfg = Debug|Any CPU
		{FA57A23B-E634-4AE5-A51C-32B32F217DDD}.Debug|Any CPU.Build.0 = Debug|Any CPU
		{FA57A23B-E634-4AE5-A51C-32B32F217DDD}.Release|Any CPU.ActiveCfg = Release|Any CPU
		{FA57A23B-E634-4AE5-A51C-32B32F217DDD}.Release|Any CPU.Build.0 = Release|Any CPU
	EndGlobalSection
	GlobalSection(SolutionProperties) = preSolution
		HideSolutionNode = FALSE
	EndGlobalSection
	GlobalSection(ExtensibilityGlobals) = postSolution
		SolutionGuid = {36FA7300-C45F-43DC-90BC-7ECFA3A4DCD7}
	EndGlobalSection
EndGlobal
